
Microsoft Visual Studio Solution File, Format Version 12.00
# Visual Studio Version 17
VisualStudioVersion = 17.10.34916.146
MinimumVisualStudioVersion = 10.0.40219.1
Project("{FAE04EC0-301F-11D3-BF4B-00C04F79EFBC}") = "BOOK", "BOOK\BOOK.csproj", "{57C3E431-5FF0-4E28-AC37-24FE5BCA97A0}"
EndProject
Global
	GlobalSection(SolutionConfigurationPlatforms) = preSolution
		Debug|Any CPU = Debug|Any CPU
		Release|Any CPU = Release|Any CPU
	EndGlobalSection
	GlobalSection(ProjectConfigurationPlatforms) = postSolution
		{57C3E431-5FF0-4E28-AC37-24FE5BCA97A0}.Debug|Any CPU.ActiveCfg = Debug|Any CPU
		{57C3E431-5FF0-4E28-AC37-24FE5BCA97A0}.Debug|Any CPU.Build.0 = Debug|Any CPU
		{57C3E431-5FF0-4E28-AC37-24FE5BCA97A0}.Release|Any CPU.ActiveCfg = Release|Any CPU
		{57C3E431-5FF0-4E28-AC37-24FE5BCA97A0}.Release|Any CPU.Build.0 = Release|Any CPU
	EndGlobalSection
	GlobalSection(SolutionProperties) = preSolution
		HideSolutionNode = FALSE
	EndGlobalSection
	GlobalSection(ExtensibilityGlobals) = postSolution
		SolutionGuid = {6FEC5668-340E-4B16-B50F-790A55341BD2}
	EndGlobalSection
EndGlobal
