
Microsoft Visual Studio Solution File, Format Version 12.00
# Visual Studio Version 17
VisualStudioVersion = 17.10.34916.146
MinimumVisualStudioVersion = 10.0.40219.1
Project("{9A19103F-16F7-4668-BE54-9A1E7A4F7556}") = "BookAPI", "WebApplication1\BookAPI.csproj", "{491B4C79-F22F-4F7C-B5E7-E65762707715}"
EndProject
Project("{9A19103F-16F7-4668-BE54-9A1E7A4F7556}") = "ServiceLayer", "ClassLibrary1\ServiceLayer.csproj", "{86527F3E-CF44-4370-B32A-F9D043558010}"
EndProject
Project("{9A19103F-16F7-4668-BE54-9A1E7A4F7556}") = "DataLayer", "DataLayer\DataLayer.csproj", "{ABA3BFB0-2C9E-47D1-AE6C-4265DBA51DB3}"
EndProject
Global
	GlobalSection(SolutionConfigurationPlatforms) = preSolution
		Debug|Any CPU = Debug|Any CPU
		Release|Any CPU = Release|Any CPU
	EndGlobalSection
	GlobalSection(ProjectConfigurationPlatforms) = postSolution
		{491B4C79-F22F-4F7C-B5E7-E65762707715}.Debug|Any CPU.ActiveCfg = Debug|Any CPU
		{491B4C79-F22F-4F7C-B5E7-E65762707715}.Debug|Any CPU.Build.0 = Debug|Any CPU
		{491B4C79-F22F-4F7C-B5E7-E65762707715}.Release|Any CPU.ActiveCfg = Release|Any CPU
		{491B4C79-F22F-4F7C-B5E7-E65762707715}.Release|Any CPU.Build.0 = Release|Any CPU
		{86527F3E-CF44-4370-B32A-F9D043558010}.Debug|Any CPU.ActiveCfg = Debug|Any CPU
		{86527F3E-CF44-4370-B32A-F9D043558010}.Debug|Any CPU.Build.0 = Debug|Any CPU
		{86527F3E-CF44-4370-B32A-F9D043558010}.Release|Any CPU.ActiveCfg = Release|Any CPU
		{86527F3E-CF44-4370-B32A-F9D043558010}.Release|Any CPU.Build.0 = Release|Any CPU
		{ABA3BFB0-2C9E-47D1-AE6C-4265DBA51DB3}.Debug|Any CPU.ActiveCfg = Debug|Any CPU
		{ABA3BFB0-2C9E-47D1-AE6C-4265DBA51DB3}.Debug|Any CPU.Build.0 = Debug|Any CPU
		{ABA3BFB0-2C9E-47D1-AE6C-4265DBA51DB3}.Release|Any CPU.ActiveCfg = Release|Any CPU
		{ABA3BFB0-2C9E-47D1-AE6C-4265DBA51DB3}.Release|Any CPU.Build.0 = Release|Any CPU
	EndGlobalSection
	GlobalSection(SolutionProperties) = preSolution
		HideSolutionNode = FALSE
	EndGlobalSection
	GlobalSection(ExtensibilityGlobals) = postSolution
		SolutionGuid = {5D33F369-A806-44AA-9FD5-0EA5A2D87263}
	EndGlobalSection
EndGlobal
